// !$*UTF8*$!
{
	archiveVersion = 1;
	classes = {
	};
	objectVersion = 56;
	objects = {

/* Begin PBXBuildFile section */
		42E323312A5BD17B00DBAB8D /* AppDelegate.swift in Sources */ = {isa = PBXBuildFile; fileRef = 42E323302A5BD17B00DBAB8D /* AppDelegate.swift */; };
		42E323332A5BD17B00DBAB8D /* SceneDelegate.swift in Sources */ = {isa = PBXBuildFile; fileRef = 42E323322A5BD17B00DBAB8D /* SceneDelegate.swift */; };
		42E323352A5BD17B00DBAB8D /* ViewController.swift in Sources */ = {isa = PBXBuildFile; fileRef = 42E323342A5BD17B00DBAB8D /* ViewController.swift */; };
		42E323382A5BD17B00DBAB8D /* Main.storyboard in Resources */ = {isa = PBXBuildFile; fileRef = 42E323362A5BD17B00DBAB8D /* Main.storyboard */; };
		42E3233A2A5BD17D00DBAB8D /* Assets.xcassets in Resources */ = {isa = PBXBuildFile; fileRef = 42E323392A5BD17D00DBAB8D /* Assets.xcassets */; };
		42E3233D2A5BD17D00DBAB8D /* LaunchScreen.storyboard in Resources */ = {isa = PBXBuildFile; fileRef = 42E3233B2A5BD17D00DBAB8D /* LaunchScreen.storyboard */; };
		42E323482A5BD17D00DBAB8D /* Testing_1Tests.swift in Sources */ = {isa = PBXBuildFile; fileRef = 42E323472A5BD17D00DBAB8D /* Testing_1Tests.swift */; };
		42E323522A5BD17D00DBAB8D /* Testing_1UITests.swift in Sources */ = {isa = PBXBuildFile; fileRef = 42E323512A5BD17D00DBAB8D /* Testing_1UITests.swift */; };
		42E323542A5BD17D00DBAB8D /* Testing_1UITestsLaunchTests.swift in Sources */ = {isa = PBXBuildFile; fileRef = 42E323532A5BD17D00DBAB8D /* Testing_1UITestsLaunchTests.swift */; };
		42E323612A5C0E0F00DBAB8D /* CustomTextField.swift in Sources */ = {isa = PBXBuildFile; fileRef = 42E323602A5C0E0F00DBAB8D /* CustomTextField.swift */; };
		42E323632A5C107100DBAB8D /* SignUpButton.swift in Sources */ = {isa = PBXBuildFile; fileRef = 42E323622A5C107100DBAB8D /* SignUpButton.swift */; };
/* End PBXBuildFile section */

/* Begin PBXContainerItemProxy section */
		42E323442A5BD17D00DBAB8D /* PBXContainerItemProxy */ = {
			isa = PBXContainerItemProxy;
			containerPortal = 42E323252A5BD17B00DBAB8D /* Project object */;
			proxyType = 1;
			remoteGlobalIDString = 42E3232C2A5BD17B00DBAB8D;
			remoteInfo = "Testing 1";
		};
		42E3234E2A5BD17D00DBAB8D /* PBXContainerItemProxy */ = {
			isa = PBXContainerItemProxy;
			containerPortal = 42E323252A5BD17B00DBAB8D /* Project object */;
			proxyType = 1;
			remoteGlobalIDString = 42E3232C2A5BD17B00DBAB8D;
			remoteInfo = "Testing 1";
		};
/* End PBXContainerItemProxy section */

/* Begin PBXFileReference section */
		42E3232D2A5BD17B00DBAB8D /* Testing 1.app */ = {isa = PBXFileReference; explicitFileType = wrapper.application; includeInIndex = 0; path = "Testing 1.app"; sourceTree = BUILT_PRODUCTS_DIR; };
		42E323302A5BD17B00DBAB8D /* AppDelegate.swift */ = {isa = PBXFileReference; lastKnownFileType = sourcecode.swift; path = AppDelegate.swift; sourceTree = "<group>"; };
		42E323322A5BD17B00DBAB8D /* SceneDelegate.swift */ = {isa = PBXFileReference; lastKnownFileType = sourcecode.swift; path = SceneDelegate.swift; sourceTree = "<group>"; };
		42E323342A5BD17B00DBAB8D /* ViewController.swift */ = {isa = PBXFileReference; lastKnownFileType = sourcecode.swift; path = ViewController.swift; sourceTree = "<group>"; };
		42E323372A5BD17B00DBAB8D /* Base */ = {isa = PBXFileReference; lastKnownFileType = file.storyboard; name = Base; path = Base.lproj/Main.storyboard; sourceTree = "<group>"; };
		42E323392A5BD17D00DBAB8D /* Assets.xcassets */ = {isa = PBXFileReference; lastKnownFileType = folder.assetcatalog; path = Assets.xcassets; sourceTree = "<group>"; };
		42E3233C2A5BD17D00DBAB8D /* Base */ = {isa = PBXFileReference; lastKnownFileType = file.storyboard; name = Base; path = Base.lproj/LaunchScreen.storyboard; sourceTree = "<group>"; };
		42E3233E2A5BD17D00DBAB8D /* Info.plist */ = {isa = PBXFileReference; lastKnownFileType = text.plist.xml; path = Info.plist; sourceTree = "<group>"; };
		42E323432A5BD17D00DBAB8D /* Testing 1Tests.xctest */ = {isa = PBXFileReference; explicitFileType = wrapper.cfbundle; includeInIndex = 0; path = "Testing 1Tests.xctest"; sourceTree = BUILT_PRODUCTS_DIR; };
		42E323472A5BD17D00DBAB8D /* Testing_1Tests.swift */ = {isa = PBXFileReference; lastKnownFileType = sourcecode.swift; path = Testing_1Tests.swift; sourceTree = "<group>"; };
		42E3234D2A5BD17D00DBAB8D /* Testing 1UITests.xctest */ = {isa = PBXFileReference; explicitFileType = wrapper.cfbundle; includeInIndex = 0; path = "Testing 1UITests.xctest"; sourceTree = BUILT_PRODUCTS_DIR; };
		42E323512A5BD17D00DBAB8D /* Testing_1UITests.swift */ = {isa = PBXFileReference; lastKnownFileType = sourcecode.swift; path = Testing_1UITests.swift; sourceTree = "<group>"; };
		42E323532A5BD17D00DBAB8D /* Testing_1UITestsLaunchTests.swift */ = {isa = PBXFileReference; lastKnownFileType = sourcecode.swift; path = Testing_1UITestsLaunchTests.swift; sourceTree = "<group>"; };
		42E323602A5C0E0F00DBAB8D /* CustomTextField.swift */ = {isa = PBXFileReference; lastKnownFileType = sourcecode.swift; path = CustomTextField.swift; sourceTree = "<group>"; };
		42E323622A5C107100DBAB8D /* SignUpButton.swift */ = {isa = PBXFileReference; lastKnownFileType = sourcecode.swift; path = SignUpButton.swift; sourceTree = "<group>"; };
/* End PBXFileReference section */

/* Begin PBXFrameworksBuildPhase section */
		42E3232A2A5BD17B00DBAB8D /* Frameworks */ = {
			isa = PBXFrameworksBuildPhase;
			buildActionMask = 2147483647;
			files = (
			);
			runOnlyForDeploymentPostprocessing = 0;
		};
		42E323402A5BD17D00DBAB8D /* Frameworks */ = {
			isa = PBXFrameworksBuildPhase;
			buildActionMask = 2147483647;
			files = (
			);
			runOnlyForDeploymentPostprocessing = 0;
		};
		42E3234A2A5BD17D00DBAB8D /* Frameworks */ = {
			isa = PBXFrameworksBuildPhase;
			buildActionMask = 2147483647;
			files = (
			);
			runOnlyForDeploymentPostprocessing = 0;
		};
/* End PBXFrameworksBuildPhase section */

/* Begin PBXGroup section */
		42E323242A5BD17B00DBAB8D = {
			isa = PBXGroup;
			children = (
				42E3232F2A5BD17B00DBAB8D /* Testing 1 */,
				42E323462A5BD17D00DBAB8D /* Testing 1Tests */,
				42E323502A5BD17D00DBAB8D /* Testing 1UITests */,
				42E3232E2A5BD17B00DBAB8D /* Products */,
			);
			sourceTree = "<group>";
		};
		42E3232E2A5BD17B00DBAB8D /* Products */ = {
			isa = PBXGroup;
			children = (
				42E3232D2A5BD17B00DBAB8D /* Testing 1.app */,
				42E323432A5BD17D00DBAB8D /* Testing 1Tests.xctest */,
				42E3234D2A5BD17D00DBAB8D /* Testing 1UITests.xctest */,
			);
			name = Products;
			sourceTree = "<group>";
		};
		42E3232F2A5BD17B00DBAB8D /* Testing 1 */ = {
			isa = PBXGroup;
			children = (
				42E323302A5BD17B00DBAB8D /* AppDelegate.swift */,
				42E323322A5BD17B00DBAB8D /* SceneDelegate.swift */,
				42E323342A5BD17B00DBAB8D /* ViewController.swift */,
				42E323362A5BD17B00DBAB8D /* Main.storyboard */,
				42E323622A5C107100DBAB8D /* SignUpButton.swift */,
				42E323602A5C0E0F00DBAB8D /* CustomTextField.swift */,
				42E323392A5BD17D00DBAB8D /* Assets.xcassets */,
				42E3233B2A5BD17D00DBAB8D /* LaunchScreen.storyboard */,
				42E3233E2A5BD17D00DBAB8D /* Info.plist */,
			);
			path = "Testing 1";
			sourceTree = "<group>";
		};
		42E323462A5BD17D00DBAB8D /* Testing 1Tests */ = {
			isa = PBXGroup;
			children = (
				42E323472A5BD17D00DBAB8D /* Testing_1Tests.swift */,
			);
			path = "Testing 1Tests";
			sourceTree = "<group>";
		};
		42E323502A5BD17D00DBAB8D /* Testing 1UITests */ = {
			isa = PBXGroup;
			children = (
				42E323512A5BD17D00DBAB8D /* Testing_1UITests.swift */,
				42E323532A5BD17D00DBAB8D /* Testing_1UITestsLaunchTests.swift */,
			);
			path = "Testing 1UITests";
			sourceTree = "<group>";
		};
/* End PBXGroup section */

/* Begin PBXNativeTarget section */
		42E3232C2A5BD17B00DBAB8D /* Testing 1 */ = {
			isa = PBXNativeTarget;
			buildConfigurationList = 42E323572A5BD17D00DBAB8D /* Build configuration list for PBXNativeTarget "Testing 1" */;
			buildPhases = (
				42E323292A5BD17B00DBAB8D /* Sources */,
				42E3232A2A5BD17B00DBAB8D /* Frameworks */,
				42E3232B2A5BD17B00DBAB8D /* Resources */,
			);
			buildRules = (
			);
			dependencies = (
			);
			name = "Testing 1";
			productName = "Testing 1";
			productReference = 42E3232D2A5BD17B00DBAB8D /* Testing 1.app */;
			productType = "com.apple.product-type.application";
		};
		42E323422A5BD17D00DBAB8D /* Testing 1Tests */ = {
			isa = PBXNativeTarget;
			buildConfigurationList = 42E3235A2A5BD17D00DBAB8D /* Build configuration list for PBXNativeTarget "Testing 1Tests" */;
			buildPhases = (
				42E3233F2A5BD17D00DBAB8D /* Sources */,
				42E323402A5BD17D00DBAB8D /* Frameworks */,
				42E323412A5BD17D00DBAB8D /* Resources */,
			);
			buildRules = (
			);
			dependencies = (
				42E323452A5BD17D00DBAB8D /* PBXTargetDependency */,
			);
			name = "Testing 1Tests";
			productName = "Testing 1Tests";
			productReference = 42E323432A5BD17D00DBAB8D /* Testing 1Tests.xctest */;
			productType = "com.apple.product-type.bundle.unit-test";
		};
		42E3234C2A5BD17D00DBAB8D /* Testing 1UITests */ = {
			isa = PBXNativeTarget;
			buildConfigurationList = 42E3235D2A5BD17D00DBAB8D /* Build configuration list for PBXNativeTarget "Testing 1UITests" */;
			buildPhases = (
				42E323492A5BD17D00DBAB8D /* Sources */,
				42E3234A2A5BD17D00DBAB8D /* Frameworks */,
				42E3234B2A5BD17D00DBAB8D /* Resources */,
			);
			buildRules = (
			);
			dependencies = (
				42E3234F2A5BD17D00DBAB8D /* PBXTargetDependency */,
			);
			name = "Testing 1UITests";
			productName = "Testing 1UITests";
			productReference = 42E3234D2A5BD17D00DBAB8D /* Testing 1UITests.xctest */;
			productType = "com.apple.product-type.bundle.ui-testing";
		};
/* End PBXNativeTarget section */

/* Begin PBXProject section */
		42E323252A5BD17B00DBAB8D /* Project object */ = {
			isa = PBXProject;
			attributes = {
				BuildIndependentTargetsInParallel = 1;
				LastSwiftUpdateCheck = 1430;
				LastUpgradeCheck = 1430;
				TargetAttributes = {
					42E3232C2A5BD17B00DBAB8D = {
						CreatedOnToolsVersion = 14.3.1;
					};
					42E323422A5BD17D00DBAB8D = {
						CreatedOnToolsVersion = 14.3.1;
						TestTargetID = 42E3232C2A5BD17B00DBAB8D;
					};
					42E3234C2A5BD17D00DBAB8D = {
						CreatedOnToolsVersion = 14.3.1;
						TestTargetID = 42E3232C2A5BD17B00DBAB8D;
					};
				};
			};
			buildConfigurationList = 42E323282A5BD17B00DBAB8D /* Build configuration list for PBXProject "Testing 1" */;
			compatibilityVersion = "Xcode 14.0";
			developmentRegion = en;
			hasScannedForEncodings = 0;
			knownRegions = (
				en,
				Base,
			);
			mainGroup = 42E323242A5BD17B00DBAB8D;
			productRefGroup = 42E3232E2A5BD17B00DBAB8D /* Products */;
			projectDirPath = "";
			projectRoot = "";
			targets = (
				42E3232C2A5BD17B00DBAB8D /* Testing 1 */,
				42E323422A5BD17D00DBAB8D /* Testing 1Tests */,
				42E3234C2A5BD17D00DBAB8D /* Testing 1UITests */,
			);
		};
/* End PBXProject section */

/* Begin PBXResourcesBuildPhase section */
		42E3232B2A5BD17B00DBAB8D /* Resources */ = {
			isa = PBXResourcesBuildPhase;
			buildActionMask = 2147483647;
			files = (
				42E3233D2A5BD17D00DBAB8D /* LaunchScreen.storyboard in Resources */,
				42E3233A2A5BD17D00DBAB8D /* Assets.xcassets in Resources */,
				42E323382A5BD17B00DBAB8D /* Main.storyboard in Resources */,
			);
			runOnlyForDeploymentPostprocessing = 0;
		};
		42E323412A5BD17D00DBAB8D /* Resources */ = {
			isa = PBXResourcesBuildPhase;
			buildActionMask = 2147483647;
			files = (
			);
			runOnlyForDeploymentPostprocessing = 0;
		};
		42E3234B2A5BD17D00DBAB8D /* Resources */ = {
			isa = PBXResourcesBuildPhase;
			buildActionMask = 2147483647;
			files = (
			);
			runOnlyForDeploymentPostprocessing = 0;
		};
/* End PBXResourcesBuildPhase section */

/* Begin PBXSourcesBuildPhase section */
		42E323292A5BD17B00DBAB8D /* Sources */ = {
			isa = PBXSourcesBuildPhase;
			buildActionMask = 2147483647;
			files = (
				42E323612A5C0E0F00DBAB8D /* CustomTextField.swift in Sources */,
				42E323352A5BD17B00DBAB8D /* ViewController.swift in Sources */,
				42E323312A5BD17B00DBAB8D /* AppDelegate.swift in Sources */,
				42E323332A5BD17B00DBAB8D /* SceneDelegate.swift in Sources */,
				42E323632A5C107100DBAB8D /* SignUpButton.swift in Sources */,
			);
			runOnlyForDeploymentPostprocessing = 0;
		};
		42E3233F2A5BD17D00DBAB8D /* Sources */ = {
			isa = PBXSourcesBuildPhase;
			buildActionMask = 2147483647;
			files = (
				42E323482A5BD17D00DBAB8D /* Testing_1Tests.swift in Sources */,
			);
			runOnlyForDeploymentPostprocessing = 0;
		};
		42E323492A5BD17D00DBAB8D /* Sources */ = {
			isa = PBXSourcesBuildPhase;
			buildActionMask = 2147483647;
			files = (
				42E323522A5BD17D00DBAB8D /* Testing_1UITests.swift in Sources */,
				42E323542A5BD17D00DBAB8D /* Testing_1UITestsLaunchTests.swift in Sources */,
			);
			runOnlyForDeploymentPostprocessing = 0;
		};
/* End PBXSourcesBuildPhase section */

/* Begin PBXTargetDependency section */
		42E323452A5BD17D00DBAB8D /* PBXTargetDependency */ = {
			isa = PBXTargetDependency;
			target = 42E3232C2A5BD17B00DBAB8D /* Testing 1 */;
			targetProxy = 42E323442A5BD17D00DBAB8D /* PBXContainerItemProxy */;
		};
		42E3234F2A5BD17D00DBAB8D /* PBXTargetDependency */ = {
			isa = PBXTargetDependency;
			target = 42E3232C2A5BD17B00DBAB8D /* Testing 1 */;
			targetProxy = 42E3234E2A5BD17D00DBAB8D /* PBXContainerItemProxy */;
		};
/* End PBXTargetDependency section */

/* Begin PBXVariantGroup section */
		42E323362A5BD17B00DBAB8D /* Main.storyboard */ = {
			isa = PBXVariantGroup;
			children = (
				42E323372A5BD17B00DBAB8D /* Base */,
			);
			name = Main.storyboard;
			sourceTree = "<group>";
		};
		42E3233B2A5BD17D00DBAB8D /* LaunchScreen.storyboard */ = {
			isa = PBXVariantGroup;
			children = (
				42E3233C2A5BD17D00DBAB8D /* Base */,
			);
			name = LaunchScreen.storyboard;
			sourceTree = "<group>";
		};
/* End PBXVariantGroup section */

/* Begin XCBuildConfiguration section */
		42E323552A5BD17D00DBAB8D /* Debug */ = {
			isa = XCBuildConfiguration;
			buildSettings = {
				ALWAYS_SEARCH_USER_PATHS = NO;
				CLANG_ANALYZER_NONNULL = YES;
				CLANG_ANALYZER_NUMBER_OBJECT_CONVERSION = YES_AGGRESSIVE;
				CLANG_CXX_LANGUAGE_STANDARD = "gnu++20";
				CLANG_ENABLE_MODULES = YES;
				CLANG_ENABLE_OBJC_ARC = YES;
				CLANG_ENABLE_OBJC_WEAK = YES;
				CLANG_WARN_BLOCK_CAPTURE_AUTORELEASING = YES;
				CLANG_WARN_BOOL_CONVERSION = YES;
				CLANG_WARN_COMMA = YES;
				CLANG_WARN_CONSTANT_CONVERSION = YES;
				CLANG_WARN_DEPRECATED_OBJC_IMPLEMENTATIONS = YES;
				CLANG_WARN_DIRECT_OBJC_ISA_USAGE = YES_ERROR;
				CLANG_WARN_DOCUMENTATION_COMMENTS = YES;
				CLANG_WARN_EMPTY_BODY = YES;
				CLANG_WARN_ENUM_CONVERSION = YES;
				CLANG_WARN_INFINITE_RECURSION = YES;
				CLANG_WARN_INT_CONVERSION = YES;
				CLANG_WARN_NON_LITERAL_NULL_CONVERSION = YES;
				CLANG_WARN_OBJC_IMPLICIT_RETAIN_SELF = YES;
				CLANG_WARN_OBJC_LITERAL_CONVERSION = YES;
				CLANG_WARN_OBJC_ROOT_CLASS = YES_ERROR;
				CLANG_WARN_QUOTED_INCLUDE_IN_FRAMEWORK_HEADER = YES;
				CLANG_WARN_RANGE_LOOP_ANALYSIS = YES;
				CLANG_WARN_STRICT_PROTOTYPES = YES;
				CLANG_WARN_SUSPICIOUS_MOVE = YES;
				CLANG_WARN_UNGUARDED_AVAILABILITY = YES_AGGRESSIVE;
				CLANG_WARN_UNREACHABLE_CODE = YES;
				CLANG_WARN__DUPLICATE_METHOD_MATCH = YES;
				COPY_PHASE_STRIP = NO;
				DEBUG_INFORMATION_FORMAT = dwarf;
				ENABLE_STRICT_OBJC_MSGSEND = YES;
				ENABLE_TESTABILITY = YES;
				GCC_C_LANGUAGE_STANDARD = gnu11;
				GCC_DYNAMIC_NO_PIC = NO;
				GCC_NO_COMMON_BLOCKS = YES;
				GCC_OPTIMIZATION_LEVEL = 0;
				GCC_PREPROCESSOR_DEFINITIONS = (
					"DEBUG=1",
					"$(inherited)",
				);
				GCC_WARN_64_TO_32_BIT_CONVERSION = YES;
				GCC_WARN_ABOUT_RETURN_TYPE = YES_ERROR;
				GCC_WARN_UNDECLARED_SELECTOR = YES;
				GCC_WARN_UNINITIALIZED_AUTOS = YES_AGGRESSIVE;
				GCC_WARN_UNUSED_FUNCTION = YES;
				GCC_WARN_UNUSED_VARIABLE = YES;
				IPHONEOS_DEPLOYMENT_TARGET = 16.4;
				MTL_ENABLE_DEBUG_INFO = INCLUDE_SOURCE;
				MTL_FAST_MATH = YES;
				ONLY_ACTIVE_ARCH = YES;
				SDKROOT = iphoneos;
				SWIFT_ACTIVE_COMPILATION_CONDITIONS = DEBUG;
				SWIFT_OPTIMIZATION_LEVEL = "-Onone";
			};
			name = Debug;
		};
		42E323562A5BD17D00DBAB8D /* Release */ = {
			isa = XCBuildConfiguration;
			buildSettings = {
				ALWAYS_SEARCH_USER_PATHS = NO;
				CLANG_ANALYZER_NONNULL = YES;
				CLANG_ANALYZER_NUMBER_OBJECT_CONVERSION = YES_AGGRESSIVE;
				CLANG_CXX_LANGUAGE_STANDARD = "gnu++20";
				CLANG_ENABLE_MODULES = YES;
				CLANG_ENABLE_OBJC_ARC = YES;
				CLANG_ENABLE_OBJC_WEAK = YES;
				CLANG_WARN_BLOCK_CAPTURE_AUTORELEASING = YES;
				CLANG_WARN_BOOL_CONVERSION = YES;
				CLANG_WARN_COMMA = YES;
				CLANG_WARN_CONSTANT_CONVERSION = YES;
				CLANG_WARN_DEPRECATED_OBJC_IMPLEMENTATIONS = YES;
				CLANG_WARN_DIRECT_OBJC_ISA_USAGE = YES_ERROR;
				CLANG_WARN_DOCUMENTATION_COMMENTS = YES;
				CLANG_WARN_EMPTY_BODY = YES;
				CLANG_WARN_ENUM_CONVERSION = YES;
				CLANG_WARN_INFINITE_RECURSION = YES;
				CLANG_WARN_INT_CONVERSION = YES;
				CLANG_WARN_NON_LITERAL_NULL_CONVERSION = YES;
				CLANG_WARN_OBJC_IMPLICIT_RETAIN_SELF = YES;
				CLANG_WARN_OBJC_LITERAL_CONVERSION = YES;
				CLANG_WARN_OBJC_ROOT_CLASS = YES_ERROR;
				CLANG_WARN_QUOTED_INCLUDE_IN_FRAMEWORK_HEADER = YES;
				CLANG_WARN_RANGE_LOOP_ANALYSIS = YES;
				CLANG_WARN_STRICT_PROTOTYPES = YES;
				CLANG_WARN_SUSPICIOUS_MOVE = YES;
				CLANG_WARN_UNGUARDED_AVAILABILITY = YES_AGGRESSIVE;
				CLANG_WARN_UNREACHABLE_CODE = YES;
				CLANG_WARN__DUPLICATE_METHOD_MATCH = YES;
				COPY_PHASE_STRIP = NO;
				DEBUG_INFORMATION_FORMAT = "dwarf-with-dsym";
				ENABLE_NS_ASSERTIONS = NO;
				ENABLE_STRICT_OBJC_MSGSEND = YES;
				GCC_C_LANGUAGE_STANDARD = gnu11;
				GCC_NO_COMMON_BLOCKS = YES;
				GCC_WARN_64_TO_32_BIT_CONVERSION = YES;
				GCC_WARN_ABOUT_RETURN_TYPE = YES_ERROR;
				GCC_WARN_UNDECLARED_SELECTOR = YES;
				GCC_WARN_UNINITIALIZED_AUTOS = YES_AGGRESSIVE;
				GCC_WARN_UNUSED_FUNCTION = YES;
				GCC_WARN_UNUSED_VARIABLE = YES;
				IPHONEOS_DEPLOYMENT_TARGET = 16.4;
				MTL_ENABLE_DEBUG_INFO = NO;
				MTL_FAST_MATH = YES;
				SDKROOT = iphoneos;
				SWIFT_COMPILATION_MODE = wholemodule;
				SWIFT_OPTIMIZATION_LEVEL = "-O";
				VALIDATE_PRODUCT = YES;
			};
			name = Release;
		};
		42E323582A5BD17D00DBAB8D /* Debug */ = {
			isa = XCBuildConfiguration;
			buildSettings = {
				ASSETCATALOG_COMPILER_APPICON_NAME = AppIcon;
				ASSETCATALOG_COMPILER_GLOBAL_ACCENT_COLOR_NAME = AccentColor;
				CODE_SIGN_STYLE = Automatic;
				CURRENT_PROJECT_VERSION = 1;
				GENERATE_INFOPLIST_FILE = YES;
				INFOPLIST_FILE = "Testing 1/Info.plist";
				INFOPLIST_KEY_UIApplicationSupportsIndirectInputEvents = YES;
				INFOPLIST_KEY_UILaunchStoryboardName = LaunchScreen;
				INFOPLIST_KEY_UIMainStoryboardFile = Main;
				INFOPLIST_KEY_UISupportedInterfaceOrientations_iPad = "UIInterfaceOrientationPortrait UIInterfaceOrientationPortraitUpsideDown UIInterfaceOrientationLandscapeLeft UIInterfaceOrientationLandscapeRight";
				INFOPLIST_KEY_UISupportedInterfaceOrientations_iPhone = "UIInterfaceOrientationPortrait UIInterfaceOrientationLandscapeLeft UIInterfaceOrientationLandscapeRight";
				LD_RUNPATH_SEARCH_PATHS = (
					"$(inherited)",
					"@executable_path/Frameworks",
				);
				MARKETING_VERSION = 1.0;
				PRODUCT_BUNDLE_IDENTIFIER = "Sidrah.Testing-1";
				PRODUCT_NAME = "$(TARGET_NAME)";
				SWIFT_EMIT_LOC_STRINGS = YES;
				SWIFT_VERSION = 5.0;
				TARGETED_DEVICE_FAMILY = "1,2";
			};
			name = Debug;
		};
		42E323592A5BD17D00DBAB8D /* Release */ = {
			isa = XCBuildConfiguration;
			buildSettings = {
				ASSETCATALOG_COMPILER_APPICON_NAME = AppIcon;
				ASSETCATALOG_COMPILER_GLOBAL_ACCENT_COLOR_NAME = AccentColor;
				CODE_SIGN_STYLE = Automatic;
				CURRENT_PROJECT_VERSION = 1;
				GENERATE_INFOPLIST_FILE = YES;
				INFOPLIST_FILE = "Testing 1/Info.plist";
				INFOPLIST_KEY_UIApplicationSupportsIndirectInputEvents = YES;
				INFOPLIST_KEY_UILaunchStoryboardName = LaunchScreen;
				INFOPLIST_KEY_UIMainStoryboardFile = Main;
				INFOPLIST_KEY_UISupportedInterfaceOrientations_iPad = "UIInterfaceOrientationPortrait UIInterfaceOrientationPortraitUpsideDown UIInterfaceOrientationLandscapeLeft UIInterfaceOrientationLandscapeRight";
				INFOPLIST_KEY_UISupportedInterfaceOrientations_iPhone = "UIInterfaceOrientationPortrait UIInterfaceOrientationLandscapeLeft UIInterfaceOrientationLandscapeRight";
				LD_RUNPATH_SEARCH_PATHS = (
					"$(inherited)",
					"@executable_path/Frameworks",
				);
				MARKETING_VERSION = 1.0;
				PRODUCT_BUNDLE_IDENTIFIER = "Sidrah.Testing-1";
				PRODUCT_NAME = "$(TARGET_NAME)";
				SWIFT_EMIT_LOC_STRINGS = YES;
				SWIFT_VERSION = 5.0;
				TARGETED_DEVICE_FAMILY = "1,2";
			};
			name = Release;
		};
		42E3235B2A5BD17D00DBAB8D /* Debug */ = {
			isa = XCBuildConfiguration;
			buildSettings = {
				ALWAYS_EMBED_SWIFT_STANDARD_LIBRARIES = YES;
				BUNDLE_LOADER = "$(TEST_HOST)";
				CODE_SIGN_STYLE = Automatic;
				CURRENT_PROJECT_VERSION = 1;
				GENERATE_INFOPLIST_FILE = YES;
				IPHONEOS_DEPLOYMENT_TARGET = 16.4;
				MARKETING_VERSION = 1.0;
				PRODUCT_BUNDLE_IDENTIFIER = "Sidrah.Testing-1Tests";
				PRODUCT_NAME = "$(TARGET_NAME)";
				SWIFT_EMIT_LOC_STRINGS = NO;
				SWIFT_VERSION = 5.0;
				TARGETED_DEVICE_FAMILY = "1,2";
				TEST_HOST = "$(BUILT_PRODUCTS_DIR)/Testing 1.app/$(BUNDLE_EXECUTABLE_FOLDER_PATH)/Testing 1";
			};
			name = Debug;
		};
		42E3235C2A5BD17D00DBAB8D /* Release */ = {
			isa = XCBuildConfiguration;
			buildSettings = {
				ALWAYS_EMBED_SWIFT_STANDARD_LIBRARIES = YES;
				BUNDLE_LOADER = "$(TEST_HOST)";
				CODE_SIGN_STYLE = Automatic;
				CURRENT_PROJECT_VERSION = 1;
				GENERATE_INFOPLIST_FILE = YES;
				IPHONEOS_DEPLOYMENT_TARGET = 16.4;
				MARKETING_VERSION = 1.0;
				PRODUCT_BUNDLE_IDENTIFIER = "Sidrah.Testing-1Tests";
				PRODUCT_NAME = "$(TARGET_NAME)";
				SWIFT_EMIT_LOC_STRINGS = NO;
				SWIFT_VERSION = 5.0;
				TARGETED_DEVICE_FAMILY = "1,2";
				TEST_HOST = "$(BUILT_PRODUCTS_DIR)/Testing 1.app/$(BUNDLE_EXECUTABLE_FOLDER_PATH)/Testing 1";
			};
			name = Release;
		};
		42E3235E2A5BD17D00DBAB8D /* Debug */ = {
			isa = XCBuildConfiguration;
			buildSettings = {
				ALWAYS_EMBED_SWIFT_STANDARD_LIBRARIES = YES;
				CODE_SIGN_STYLE = Automatic;
				CURRENT_PROJECT_VERSION = 1;
				GENERATE_INFOPLIST_FILE = YES;
				MARKETING_VERSION = 1.0;
				PRODUCT_BUNDLE_IDENTIFIER = "Sidrah.Testing-1UITests";
				PRODUCT_NAME = "$(TARGET_NAME)";
				SWIFT_EMIT_LOC_STRINGS = NO;
				SWIFT_VERSION = 5.0;
				TARGETED_DEVICE_FAMILY = "1,2";
				TEST_TARGET_NAME = "Testing 1";
			};
			name = Debug;
		};
		42E3235F2A5BD17D00DBAB8D /* Release */ = {
			isa = XCBuildConfiguration;
			buildSettings = {
				ALWAYS_EMBED_SWIFT_STANDARD_LIBRARIES = YES;
				CODE_SIGN_STYLE = Automatic;
				CURRENT_PROJECT_VERSION = 1;
				GENERATE_INFOPLIST_FILE = YES;
				MARKETING_VERSION = 1.0;
				PRODUCT_BUNDLE_IDENTIFIER = "Sidrah.Testing-1UITests";
				PRODUCT_NAME = "$(TARGET_NAME)";
				SWIFT_EMIT_LOC_STRINGS = NO;
				SWIFT_VERSION = 5.0;
				TARGETED_DEVICE_FAMILY = "1,2";
				TEST_TARGET_NAME = "Testing 1";
			};
			name = Release;
		};
/* End XCBuildConfiguration section */

/* Begin XCConfigurationList section */
		42E323282A5BD17B00DBAB8D /* Build configuration list for PBXProject "Testing 1" */ = {
			isa = XCConfigurationList;
			buildConfigurations = (
				42E323552A5BD17D00DBAB8D /* Debug */,
				42E323562A5BD17D00DBAB8D /* Release */,
			);
			defaultConfigurationIsVisible = 0;
			defaultConfigurationName = Release;
		};
		42E323572A5BD17D00DBAB8D /* Build configuration list for PBXNativeTarget "Testing 1" */ = {
			isa = XCConfigurationList;
			buildConfigurations = (
				42E323582A5BD17D00DBAB8D /* Debug */,
				42E323592A5BD17D00DBAB8D /* Release */,
			);
			defaultConfigurationIsVisible = 0;
			defaultConfigurationName = Release;
		};
		42E3235A2A5BD17D00DBAB8D /* Build configuration list for PBXNativeTarget "Testing 1Tests" */ = {
			isa = XCConfigurationList;
			buildConfigurations = (
				42E3235B2A5BD17D00DBAB8D /* Debug */,
				42E3235C2A5BD17D00DBAB8D /* Release */,
			);
			defaultConfigurationIsVisible = 0;
			defaultConfigurationName = Release;
		};
		42E3235D2A5BD17D00DBAB8D /* Build configuration list for PBXNativeTarget "Testing 1UITests" */ = {
			isa = XCConfigurationList;
			buildConfigurations = (
				42E3235E2A5BD17D00DBAB8D /* Debug */,
				42E3235F2A5BD17D00DBAB8D /* Release */,
			);
			defaultConfigurationIsVisible = 0;
			defaultConfigurationName = Release;
		};
/* End XCConfigurationList section */
	};
	rootObject = 42E323252A5BD17B00DBAB8D /* Project object */;
}
